
Microsoft Visual Studio Solution File, Format Version 12.00
# Visual Studio Version 17
VisualStudioVersion = 17.9.34728.123
MinimumVisualStudioVersion = 10.0.40219.1
Project("{FAE04EC0-301F-11D3-BF4B-00C04F79EFBC}") = "LeaveManagement.Web", "LeaveManagement.Web\LeaveManagement.Web.csproj", "{5EB0E183-4E52-4374-957E-B48F4C179007}"
EndProject
Global
	GlobalSection(SolutionConfigurationPlatforms) = preSolution
		Debug|Any CPU = Debug|Any CPU
		Release|Any CPU = Release|Any CPU
	EndGlobalSection
	GlobalSection(ProjectConfigurationPlatforms) = postSolution
		{5EB0E183-4E52-4374-957E-B48F4C179007}.Debug|Any CPU.ActiveCfg = Debug|Any CPU
		{5EB0E183-4E52-4374-957E-B48F4C179007}.Debug|Any CPU.Build.0 = Debug|Any CPU
		{5EB0E183-4E52-4374-957E-B48F4C179007}.Release|Any CPU.ActiveCfg = Release|Any CPU
		{5EB0E183-4E52-4374-957E-B48F4C179007}.Release|Any CPU.Build.0 = Release|Any CPU
	EndGlobalSection
	GlobalSection(SolutionProperties) = preSolution
		HideSolutionNode = FALSE
	EndGlobalSection
	GlobalSection(ExtensibilityGlobals) = postSolution
		SolutionGuid = {26390A7E-CC71-42CF-A581-198E3E54355C}
	EndGlobalSection
EndGlobal
